// !$*UTF8*$!
{
	archiveVersion = 1;
	classes = {
	};
	objectVersion = 48;
	objects = {

/* Begin PBXBuildFile section */
		F9F261A61FDD84A900DF8A00 /* AppDelegate.swift in Sources */ = {isa = PBXBuildFile; fileRef = F9F261A51FDD84A900DF8A00 /* AppDelegate.swift */; };
		F9F261A81FDD84A900DF8A00 /* ViewController.swift in Sources */ = {isa = PBXBuildFile; fileRef = F9F261A71FDD84A900DF8A00 /* ViewController.swift */; };
		F9F261AB1FDD84A900DF8A00 /* Main.storyboard in Resources */ = {isa = PBXBuildFile; fileRef = F9F261A91FDD84A900DF8A00 /* Main.storyboard */; };
		F9F261AD1FDD84A900DF8A00 /* Assets.xcassets in Resources */ = {isa = PBXBuildFile; fileRef = F9F261AC1FDD84A900DF8A00 /* Assets.xcassets */; };
		F9F261B01FDD84A900DF8A00 /* LaunchScreen.storyboard in Resources */ = {isa = PBXBuildFile; fileRef = F9F261AE1FDD84A900DF8A00 /* LaunchScreen.storyboard */; };
		F9F261BB1FDD84AA00DF8A00 /* ARKitDemoTests.swift in Sources */ = {isa = PBXBuildFile; fileRef = F9F261BA1FDD84AA00DF8A00 /* ARKitDemoTests.swift */; };
		F9F261C61FDD84AA00DF8A00 /* ARKitDemoUITests.swift in Sources */ = {isa = PBXBuildFile; fileRef = F9F261C51FDD84AA00DF8A00 /* ARKitDemoUITests.swift */; };
/* End PBXBuildFile section */

/* Begin PBXContainerItemProxy section */
		F9F261B71FDD84AA00DF8A00 /* PBXContainerItemProxy */ = {
			isa = PBXContainerItemProxy;
			containerPortal = F9F2619A1FDD84A800DF8A00 /* Project object */;
			proxyType = 1;
			remoteGlobalIDString = F9F261A11FDD84A900DF8A00;
			remoteInfo = ARKitDemo;
		};
		F9F261C21FDD84AA00DF8A00 /* PBXContainerItemProxy */ = {
			isa = PBXContainerItemProxy;
			containerPortal = F9F2619A1FDD84A800DF8A00 /* Project object */;
			proxyType = 1;
			remoteGlobalIDString = F9F261A11FDD84A900DF8A00;
			remoteInfo = ARKitDemo;
		};
/* End PBXContainerItemProxy section */

/* Begin PBXFileReference section */
		F9F261A21FDD84A900DF8A00 /* ARKitDemo.app */ = {isa = PBXFileReference; explicitFileType = wrapper.application; includeInIndex = 0; path = ARKitDemo.app; sourceTree = BUILT_PRODUCTS_DIR; };
		F9F261A51FDD84A900DF8A00 /* AppDelegate.swift */ = {isa = PBXFileReference; lastKnownFileType = sourcecode.swift; path = AppDelegate.swift; sourceTree = "<group>"; };
		F9F261A71FDD84A900DF8A00 /* ViewController.swift */ = {isa = PBXFileReference; lastKnownFileType = sourcecode.swift; path = ViewController.swift; sourceTree = "<group>"; };
		F9F261AA1FDD84A900DF8A00 /* Base */ = {isa = PBXFileReference; lastKnownFileType = file.storyboard; name = Base; path = Base.lproj/Main.storyboard; sourceTree = "<group>"; };
		F9F261AC1FDD84A900DF8A00 /* Assets.xcassets */ = {isa = PBXFileReference; lastKnownFileType = folder.assetcatalog; path = Assets.xcassets; sourceTree = "<group>"; };
		F9F261AF1FDD84A900DF8A00 /* Base */ = {isa = PBXFileReference; lastKnownFileType = file.storyboard; name = Base; path = Base.lproj/LaunchScreen.storyboard; sourceTree = "<group>"; };
		F9F261B11FDD84A900DF8A00 /* Info.plist */ = {isa = PBXFileReference; lastKnownFileType = text.plist.xml; path = Info.plist; sourceTree = "<group>"; };
		F9F261B61FDD84AA00DF8A00 /* ARKitDemoTests.xctest */ = {isa = PBXFileReference; explicitFileType = wrapper.cfbundle; includeInIndex = 0; path = ARKitDemoTests.xctest; sourceTree = BUILT_PRODUCTS_DIR; };
		F9F261BA1FDD84AA00DF8A00 /* ARKitDemoTests.swift */ = {isa = PBXFileReference; lastKnownFileType = sourcecode.swift; path = ARKitDemoTests.swift; sourceTree = "<group>"; };
		F9F261BC1FDD84AA00DF8A00 /* Info.plist */ = {isa = PBXFileReference; lastKnownFileType = text.plist.xml; path = Info.plist; sourceTree = "<group>"; };
		F9F261C11FDD84AA00DF8A00 /* ARKitDemoUITests.xctest */ = {isa = PBXFileReference; explicitFileType = wrapper.cfbundle; includeInIndex = 0; path = ARKitDemoUITests.xctest; sourceTree = BUILT_PRODUCTS_DIR; };
		F9F261C51FDD84AA00DF8A00 /* ARKitDemoUITests.swift */ = {isa = PBXFileReference; lastKnownFileType = sourcecode.swift; path = ARKitDemoUITests.swift; sourceTree = "<group>"; };
		F9F261C71FDD84AA00DF8A00 /* Info.plist */ = {isa = PBXFileReference; lastKnownFileType = text.plist.xml; path = Info.plist; sourceTree = "<group>"; };
/* End PBXFileReference section */

/* Begin PBXFrameworksBuildPhase section */
		F9F2619F1FDD84A900DF8A00 /* Frameworks */ = {
			isa = PBXFrameworksBuildPhase;
			buildActionMask = 2147483647;
			files = (
			);
			runOnlyForDeploymentPostprocessing = 0;
		};
		F9F261B31FDD84AA00DF8A00 /* Frameworks */ = {
			isa = PBXFrameworksBuildPhase;
			buildActionMask = 2147483647;
			files = (
			);
			runOnlyForDeploymentPostprocessing = 0;
		};
		F9F261BE1FDD84AA00DF8A00 /* Frameworks */ = {
			isa = PBXFrameworksBuildPhase;
			buildActionMask = 2147483647;
			files = (
			);
			runOnlyForDeploymentPostprocessing = 0;
		};
/* End PBXFrameworksBuildPhase section */

/* Begin PBXGroup section */
		F9F261991FDD84A800DF8A00 = {
			isa = PBXGroup;
			children = (
				F9F261A41FDD84A900DF8A00 /* ARKitDemo */,
				F9F261B91FDD84AA00DF8A00 /* ARKitDemoTests */,
				F9F261C41FDD84AA00DF8A00 /* ARKitDemoUITests */,
				F9F261A31FDD84A900DF8A00 /* Products */,
			);
			sourceTree = "<group>";
		};
		F9F261A31FDD84A900DF8A00 /* Products */ = {
			isa = PBXGroup;
			children = (
				F9F261A21FDD84A900DF8A00 /* ARKitDemo.app */,
				F9F261B61FDD84AA00DF8A00 /* ARKitDemoTests.xctest */,
				F9F261C11FDD84AA00DF8A00 /* ARKitDemoUITests.xctest */,
			);
			name = Products;
			sourceTree = "<group>";
		};
		F9F261A41FDD84A900DF8A00 /* ARKitDemo */ = {
			isa = PBXGroup;
			children = (
				F9F261A51FDD84A900DF8A00 /* AppDelegate.swift */,
				F9F261A71FDD84A900DF8A00 /* ViewController.swift */,
				F9F261A91FDD84A900DF8A00 /* Main.storyboard */,
				F9F261AC1FDD84A900DF8A00 /* Assets.xcassets */,
				F9F261AE1FDD84A900DF8A00 /* LaunchScreen.storyboard */,
				F9F261B11FDD84A900DF8A00 /* Info.plist */,
			);
			path = ARKitDemo;
			sourceTree = "<group>";
		};
		F9F261B91FDD84AA00DF8A00 /* ARKitDemoTests */ = {
			isa = PBXGroup;
			children = (
				F9F261BA1FDD84AA00DF8A00 /* ARKitDemoTests.swift */,
				F9F261BC1FDD84AA00DF8A00 /* Info.plist */,
			);
			path = ARKitDemoTests;
			sourceTree = "<group>";
		};
		F9F261C41FDD84AA00DF8A00 /* ARKitDemoUITests */ = {
			isa = PBXGroup;
			children = (
				F9F261C51FDD84AA00DF8A00 /* ARKitDemoUITests.swift */,
				F9F261C71FDD84AA00DF8A00 /* Info.plist */,
			);
			path = ARKitDemoUITests;
			sourceTree = "<group>";
		};
/* End PBXGroup section */

/* Begin PBXNativeTarget section */
		F9F261A11FDD84A900DF8A00 /* ARKitDemo */ = {
			isa = PBXNativeTarget;
			buildConfigurationList = F9F261CA1FDD84AA00DF8A00 /* Build configuration list for PBXNativeTarget "ARKitDemo" */;
			buildPhases = (
				F9F2619E1FDD84A900DF8A00 /* Sources */,
				F9F2619F1FDD84A900DF8A00 /* Frameworks */,
				F9F261A01FDD84A900DF8A00 /* Resources */,
			);
			buildRules = (
			);
			dependencies = (
			);
			name = ARKitDemo;
			productName = ARKitDemo;
			productReference = F9F261A21FDD84A900DF8A00 /* ARKitDemo.app */;
			productType = "com.apple.product-type.application";
		};
		F9F261B51FDD84AA00DF8A00 /* ARKitDemoTests */ = {
			isa = PBXNativeTarget;
			buildConfigurationList = F9F261CD1FDD84AA00DF8A00 /* Build configuration list for PBXNativeTarget "ARKitDemoTests" */;
			buildPhases = (
				F9F261B21FDD84AA00DF8A00 /* Sources */,
				F9F261B31FDD84AA00DF8A00 /* Frameworks */,
				F9F261B41FDD84AA00DF8A00 /* Resources */,
			);
			buildRules = (
			);
			dependencies = (
				F9F261B81FDD84AA00DF8A00 /* PBXTargetDependency */,
			);
			name = ARKitDemoTests;
			productName = ARKitDemoTests;
			productReference = F9F261B61FDD84AA00DF8A00 /* ARKitDemoTests.xctest */;
			productType = "com.apple.product-type.bundle.unit-test";
		};
		F9F261C01FDD84AA00DF8A00 /* ARKitDemoUITests */ = {
			isa = PBXNativeTarget;
			buildConfigurationList = F9F261D01FDD84AA00DF8A00 /* Build configuration list for PBXNativeTarget "ARKitDemoUITests" */;
			buildPhases = (
				F9F261BD1FDD84AA00DF8A00 /* Sources */,
				F9F261BE1FDD84AA00DF8A00 /* Frameworks */,
				F9F261BF1FDD84AA00DF8A00 /* Resources */,
			);
			buildRules = (
			);
			dependencies = (
				F9F261C31FDD84AA00DF8A00 /* PBXTargetDependency */,
			);
			name = ARKitDemoUITests;
			productName = ARKitDemoUITests;
			productReference = F9F261C11FDD84AA00DF8A00 /* ARKitDemoUITests.xctest */;
			productType = "com.apple.product-type.bundle.ui-testing";
		};
/* End PBXNativeTarget section */

/* Begin PBXProject section */
		F9F2619A1FDD84A800DF8A00 /* Project object */ = {
			isa = PBXProject;
			attributes = {
				LastSwiftUpdateCheck = 0920;
				LastUpgradeCheck = 0920;
				ORGANIZATIONNAME = "Matt Maher";
				TargetAttributes = {
					F9F261A11FDD84A900DF8A00 = {
						CreatedOnToolsVersion = 9.2;
						ProvisioningStyle = Automatic;
					};
					F9F261B51FDD84AA00DF8A00 = {
						CreatedOnToolsVersion = 9.2;
						ProvisioningStyle = Automatic;
						TestTargetID = F9F261A11FDD84A900DF8A00;
					};
					F9F261C01FDD84AA00DF8A00 = {
						CreatedOnToolsVersion = 9.2;
						ProvisioningStyle = Automatic;
						TestTargetID = F9F261A11FDD84A900DF8A00;
					};
				};
			};
			buildConfigurationList = F9F2619D1FDD84A800DF8A00 /* Build configuration list for PBXProject "ARKitDemo" */;
			compatibilityVersion = "Xcode 8.0";
			developmentRegion = en;
			hasScannedForEncodings = 0;
			knownRegions = (
				en,
				Base,
			);
			mainGroup = F9F261991FDD84A800DF8A00;
			productRefGroup = F9F261A31FDD84A900DF8A00 /* Products */;
			projectDirPath = "";
			projectRoot = "";
			targets = (
				F9F261A11FDD84A900DF8A00 /* ARKitDemo */,
				F9F261B51FDD84AA00DF8A00 /* ARKitDemoTests */,
				F9F261C01FDD84AA00DF8A00 /* ARKitDemoUITests */,
			);
		};
/* End PBXProject section */

/* Begin PBXResourcesBuildPhase section */
		F9F261A01FDD84A900DF8A00 /* Resources */ = {
			isa = PBXResourcesBuildPhase;
			buildActionMask = 2147483647;
			files = (
				F9F261B01FDD84A900DF8A00 /* LaunchScreen.storyboard in Resources */,
				F9F261AD1FDD84A900DF8A00 /* Assets.xcassets in Resources */,
				F9F261AB1FDD84A900DF8A00 /* Main.storyboard in Resources */,
			);
			runOnlyForDeploymentPostprocessing = 0;
		};
		F9F261B41FDD84AA00DF8A00 /* Resources */ = {
			isa = PBXResourcesBuildPhase;
			buildActionMask = 2147483647;
			files = (
			);
			runOnlyForDeploymentPostprocessing = 0;
		};
		F9F261BF1FDD84AA00DF8A00 /* Resources */ = {
			isa = PBXResourcesBuildPhase;
			buildActionMask = 2147483647;
			files = (
			);
			runOnlyForDeploymentPostprocessing = 0;
		};
/* End PBXResourcesBuildPhase section */

/* Begin PBXSourcesBuildPhase section */
		F9F2619E1FDD84A900DF8A00 /* Sources */ = {
			isa = PBXSourcesBuildPhase;
			buildActionMask = 2147483647;
			files = (
				F9F261A81FDD84A900DF8A00 /* ViewController.swift in Sources */,
				F9F261A61FDD84A900DF8A00 /* AppDelegate.swift in Sources */,
			);
			runOnlyForDeploymentPostprocessing = 0;
		};
		F9F261B21FDD84AA00DF8A00 /* Sources */ = {
			isa = PBXSourcesBuildPhase;
			buildActionMask = 2147483647;
			files = (
				F9F261BB1FDD84AA00DF8A00 /* ARKitDemoTests.swift in Sources */,
			);
			runOnlyForDeploymentPostprocessing = 0;
		};
		F9F261BD1FDD84AA00DF8A00 /* Sources */ = {
			isa = PBXSourcesBuildPhase;
			buildActionMask = 2147483647;
			files = (
				F9F261C61FDD84AA00DF8A00 /* ARKitDemoUITests.swift in Sources */,
			);
			runOnlyForDeploymentPostprocessing = 0;
		};
/* End PBXSourcesBuildPhase section */

/* Begin PBXTargetDependency section */
		F9F261B81FDD84AA00DF8A00 /* PBXTargetDependency */ = {
			isa = PBXTargetDependency;
			target = F9F261A11FDD84A900DF8A00 /* ARKitDemo */;
			targetProxy = F9F261B71FDD84AA00DF8A00 /* PBXContainerItemProxy */;
		};
		F9F261C31FDD84AA00DF8A00 /* PBXTargetDependency */ = {
			isa = PBXTargetDependency;
			target = F9F261A11FDD84A900DF8A00 /* ARKitDemo */;
			targetProxy = F9F261C21FDD84AA00DF8A00 /* PBXContainerItemProxy */;
		};
/* End PBXTargetDependency section */

/* Begin PBXVariantGroup section */
		F9F261A91FDD84A900DF8A00 /* Main.storyboard */ = {
			isa = PBXVariantGroup;
			children = (
				F9F261AA1FDD84A900DF8A00 /* Base */,
			);
			name = Main.storyboard;
			sourceTree = "<group>";
		};
		F9F261AE1FDD84A900DF8A00 /* LaunchScreen.storyboard */ = {
			isa = PBXVariantGroup;
			children = (
				F9F261AF1FDD84A900DF8A00 /* Base */,
			);
			name = LaunchScreen.storyboard;
			sourceTree = "<group>";
		};
/* End PBXVariantGroup section */

/* Begin XCBuildConfiguration section */
		F9F261C81FDD84AA00DF8A00 /* Debug */ = {
			isa = XCBuildConfiguration;
			buildSettings = {
				ALWAYS_SEARCH_USER_PATHS = NO;
				CLANG_ANALYZER_NONNULL = YES;
				CLANG_ANALYZER_NUMBER_OBJECT_CONVERSION = YES_AGGRESSIVE;
				CLANG_CXX_LANGUAGE_STANDARD = "gnu++14";
				CLANG_CXX_LIBRARY = "libc++";
				CLANG_ENABLE_MODULES = YES;
				CLANG_ENABLE_OBJC_ARC = YES;
				CLANG_WARN_BLOCK_CAPTURE_AUTORELEASING = YES;
				CLANG_WARN_BOOL_CONVERSION = YES;
				CLANG_WARN_COMMA = YES;
				CLANG_WARN_CONSTANT_CONVERSION = YES;
				CLANG_WARN_DIRECT_OBJC_ISA_USAGE = YES_ERROR;
				CLANG_WARN_DOCUMENTATION_COMMENTS = YES;
				CLANG_WARN_EMPTY_BODY = YES;
				CLANG_WARN_ENUM_CONVERSION = YES;
				CLANG_WARN_INFINITE_RECURSION = YES;
				CLANG_WARN_INT_CONVERSION = YES;
				CLANG_WARN_NON_LITERAL_NULL_CONVERSION = YES;
				CLANG_WARN_OBJC_LITERAL_CONVERSION = YES;
				CLANG_WARN_OBJC_ROOT_CLASS = YES_ERROR;
				CLANG_WARN_RANGE_LOOP_ANALYSIS = YES;
				CLANG_WARN_STRICT_PROTOTYPES = YES;
				CLANG_WARN_SUSPICIOUS_MOVE = YES;
				CLANG_WARN_UNGUARDED_AVAILABILITY = YES_AGGRESSIVE;
				CLANG_WARN_UNREACHABLE_CODE = YES;
				CLANG_WARN__DUPLICATE_METHOD_MATCH = YES;
				CODE_SIGN_IDENTITY = "iPhone Developer";
				COPY_PHASE_STRIP = NO;
				DEBUG_INFORMATION_FORMAT = dwarf;
				ENABLE_STRICT_OBJC_MSGSEND = YES;
				ENABLE_TESTABILITY = YES;
				GCC_C_LANGUAGE_STANDARD = gnu11;
				GCC_DYNAMIC_NO_PIC = NO;
				GCC_NO_COMMON_BLOCKS = YES;
				GCC_OPTIMIZATION_LEVEL = 0;
				GCC_PREPROCESSOR_DEFINITIONS = (
					"DEBUG=1",
					"$(inherited)",
				);
				GCC_WARN_64_TO_32_BIT_CONVERSION = YES;
				GCC_WARN_ABOUT_RETURN_TYPE = YES_ERROR;
				GCC_WARN_UNDECLARED_SELECTOR = YES;
				GCC_WARN_UNINITIALIZED_AUTOS = YES_AGGRESSIVE;
				GCC_WARN_UNUSED_FUNCTION = YES;
				GCC_WARN_UNUSED_VARIABLE = YES;
				IPHONEOS_DEPLOYMENT_TARGET = 11.2;
				MTL_ENABLE_DEBUG_INFO = YES;
				ONLY_ACTIVE_ARCH = YES;
				SDKROOT = iphoneos;
				SWIFT_ACTIVE_COMPILATION_CONDITIONS = DEBUG;
				SWIFT_OPTIMIZATION_LEVEL = "-Onone";
			};
			name = Debug;
		};
		F9F261C91FDD84AA00DF8A00 /* Release */ = {
			isa = XCBuildConfiguration;
			buildSettings = {
				ALWAYS_SEARCH_USER_PATHS = NO;
				CLANG_ANALYZER_NONNULL = YES;
				CLANG_ANALYZER_NUMBER_OBJECT_CONVERSION = YES_AGGRESSIVE;
				CLANG_CXX_LANGUAGE_STANDARD = "gnu++14";
				CLANG_CXX_LIBRARY = "libc++";
				CLANG_ENABLE_MODULES = YES;
				CLANG_ENABLE_OBJC_ARC = YES;
				CLANG_WARN_BLOCK_CAPTURE_AUTORELEASING = YES;
				CLANG_WARN_BOOL_CONVERSION = YES;
				CLANG_WARN_COMMA = YES;
				CLANG_WARN_CONSTANT_CONVERSION = YES;
				CLANG_WARN_DIRECT_OBJC_ISA_USAGE = YES_ERROR;
				CLANG_WARN_DOCUMENTATION_COMMENTS = YES;
				CLANG_WARN_EMPTY_BODY = YES;
				CLANG_WARN_ENUM_CONVERSION = YES;
				CLANG_WARN_INFINITE_RECURSION = YES;
				CLANG_WARN_INT_CONVERSION = YES;
				CLANG_WARN_NON_LITERAL_NULL_CONVERSION = YES;
				CLANG_WARN_OBJC_LITERAL_CONVERSION = YES;
				CLANG_WARN_OBJC_ROOT_CLASS = YES_ERROR;
				CLANG_WARN_RANGE_LOOP_ANALYSIS = YES;
				CLANG_WARN_STRICT_PROTOTYPES = YES;
				CLANG_WARN_SUSPICIOUS_MOVE = YES;
				CLANG_WARN_UNGUARDED_AVAILABILITY = YES_AGGRESSIVE;
				CLANG_WARN_UNREACHABLE_CODE = YES;
				CLANG_WARN__DUPLICATE_METHOD_MATCH = YES;
				CODE_SIGN_IDENTITY = "iPhone Developer";
				COPY_PHASE_STRIP = NO;
				DEBUG_INFORMATION_FORMAT = "dwarf-with-dsym";
				ENABLE_NS_ASSERTIONS = NO;
				ENABLE_STRICT_OBJC_MSGSEND = YES;
				GCC_C_LANGUAGE_STANDARD = gnu11;
				GCC_NO_COMMON_BLOCKS = YES;
				GCC_WARN_64_TO_32_BIT_CONVERSION = YES;
				GCC_WARN_ABOUT_RETURN_TYPE = YES_ERROR;
				GCC_WARN_UNDECLARED_SELECTOR = YES;
				GCC_WARN_UNINITIALIZED_AUTOS = YES_AGGRESSIVE;
				GCC_WARN_UNUSED_FUNCTION = YES;
				GCC_WARN_UNUSED_VARIABLE = YES;
				IPHONEOS_DEPLOYMENT_TARGET = 11.2;
				MTL_ENABLE_DEBUG_INFO = NO;
				SDKROOT = iphoneos;
				SWIFT_OPTIMIZATION_LEVEL = "-Owholemodule";
				VALIDATE_PRODUCT = YES;
			};
			name = Release;
		};
		F9F261CB1FDD84AA00DF8A00 /* Debug */ = {
			isa = XCBuildConfiguration;
			buildSettings = {
				ASSETCATALOG_COMPILER_APPICON_NAME = AppIcon;
				CODE_SIGN_STYLE = Automatic;
				DEVELOPMENT_TEAM = A6KJB7CEQ9;
				INFOPLIST_FILE = ARKitDemo/Info.plist;
				LD_RUNPATH_SEARCH_PATHS = "$(inherited) @executable_path/Frameworks";
				PRODUCT_BUNDLE_IDENTIFIER = sofwr.ARKitDemo;
				PRODUCT_NAME = "$(TARGET_NAME)";
				SWIFT_VERSION = 4.0;
				TARGETED_DEVICE_FAMILY = "1,2";
			};
			name = Debug;
		};
		F9F261CC1FDD84AA00DF8A00 /* Release */ = {
			isa = XCBuildConfiguration;
			buildSettings = {
				ASSETCATALOG_COMPILER_APPICON_NAME = AppIcon;
				CODE_SIGN_STYLE = Automatic;
				DEVELOPMENT_TEAM = A6KJB7CEQ9;
				INFOPLIST_FILE = ARKitDemo/Info.plist;
				LD_RUNPATH_SEARCH_PATHS = "$(inherited) @executable_path/Frameworks";
				PRODUCT_BUNDLE_IDENTIFIER = sofwr.ARKitDemo;
				PRODUCT_NAME = "$(TARGET_NAME)";
				SWIFT_VERSION = 4.0;
				TARGETED_DEVICE_FAMILY = "1,2";
			};
			name = Release;
		};
		F9F261CE1FDD84AA00DF8A00 /* Debug */ = {
			isa = XCBuildConfiguration;
			buildSettings = {
				ALWAYS_EMBED_SWIFT_STANDARD_LIBRARIES = YES;
				BUNDLE_LOADER = "$(TEST_HOST)";
				CODE_SIGN_STYLE = Automatic;
				DEVELOPMENT_TEAM = A6KJB7CEQ9;
				INFOPLIST_FILE = ARKitDemoTests/Info.plist;
				LD_RUNPATH_SEARCH_PATHS = "$(inherited) @executable_path/Frameworks @loader_path/Frameworks";
				PRODUCT_BUNDLE_IDENTIFIER = sofwr.ARKitDemoTests;
				PRODUCT_NAME = "$(TARGET_NAME)";
				SWIFT_VERSION = 4.0;
				TARGETED_DEVICE_FAMILY = "1,2";
				TEST_HOST = "$(BUILT_PRODUCTS_DIR)/ARKitDemo.app/ARKitDemo";
			};
			name = Debug;
		};
		F9F261CF1FDD84AA00DF8A00 /* Release */ = {
			isa = XCBuildConfiguration;
			buildSettings = {
				ALWAYS_EMBED_SWIFT_STANDARD_LIBRARIES = YES;
				BUNDLE_LOADER = "$(TEST_HOST)";
				CODE_SIGN_STYLE = Automatic;
				DEVELOPMENT_TEAM = A6KJB7CEQ9;
				INFOPLIST_FILE = ARKitDemoTests/Info.plist;
				LD_RUNPATH_SEARCH_PATHS = "$(inherited) @executable_path/Frameworks @loader_path/Frameworks";
				PRODUCT_BUNDLE_IDENTIFIER = sofwr.ARKitDemoTests;
				PRODUCT_NAME = "$(TARGET_NAME)";
				SWIFT_VERSION = 4.0;
				TARGETED_DEVICE_FAMILY = "1,2";
				TEST_HOST = "$(BUILT_PRODUCTS_DIR)/ARKitDemo.app/ARKitDemo";
			};
			name = Release;
		};
		F9F261D11FDD84AA00DF8A00 /* Debug */ = {
			isa = XCBuildConfiguration;
			buildSettings = {
				ALWAYS_EMBED_SWIFT_STANDARD_LIBRARIES = YES;
				CODE_SIGN_STYLE = Automatic;
				DEVELOPMENT_TEAM = A6KJB7CEQ9;
				INFOPLIST_FILE = ARKitDemoUITests/Info.plist;
				LD_RUNPATH_SEARCH_PATHS = "$(inherited) @executable_path/Frameworks @loader_path/Frameworks";
				PRODUCT_BUNDLE_IDENTIFIER = sofwr.ARKitDemoUITests;
				PRODUCT_NAME = "$(TARGET_NAME)";
				SWIFT_VERSION = 4.0;
				TARGETED_DEVICE_FAMILY = "1,2";
				TEST_TARGET_NAME = ARKitDemo;
			};
			name = Debug;
		};
		F9F261D21FDD84AA00DF8A00 /* Release */ = {
			isa = XCBuildConfiguration;
			buildSettings = {
				ALWAYS_EMBED_SWIFT_STANDARD_LIBRARIES = YES;
				CODE_SIGN_STYLE = Automatic;
				DEVELOPMENT_TEAM = A6KJB7CEQ9;
				INFOPLIST_FILE = ARKitDemoUITests/Info.plist;
				LD_RUNPATH_SEARCH_PATHS = "$(inherited) @executable_path/Frameworks @loader_path/Frameworks";
				PRODUCT_BUNDLE_IDENTIFIER = sofwr.ARKitDemoUITests;
				PRODUCT_NAME = "$(TARGET_NAME)";
				SWIFT_VERSION = 4.0;
				TARGETED_DEVICE_FAMILY = "1,2";
				TEST_TARGET_NAME = ARKitDemo;
			};
			name = Release;
		};
/* End XCBuildConfiguration section */

/* Begin XCConfigurationList section */
		F9F2619D1FDD84A800DF8A00 /* Build configuration list for PBXProject "ARKitDemo" */ = {
			isa = XCConfigurationList;
			buildConfigurations = (
				F9F261C81FDD84AA00DF8A00 /* Debug */,
				F9F261C91FDD84AA00DF8A00 /* Release */,
			);
			defaultConfigurationIsVisible = 0;
			defaultConfigurationName = Release;
		};
		F9F261CA1FDD84AA00DF8A00 /* Build configuration list for PBXNativeTarget "ARKitDemo" */ = {
			isa = XCConfigurationList;
			buildConfigurations = (
				F9F261CB1FDD84AA00DF8A00 /* Debug */,
				F9F261CC1FDD84AA00DF8A00 /* Release */,
			);
			defaultConfigurationIsVisible = 0;
			defaultConfigurationName = Release;
		};
		F9F261CD1FDD84AA00DF8A00 /* Build configuration list for PBXNativeTarget "ARKitDemoTests" */ = {
			isa = XCConfigurationList;
			buildConfigurations = (
				F9F261CE1FDD84AA00DF8A00 /* Debug */,
				F9F261CF1FDD84AA00DF8A00 /* Release */,
			);
			defaultConfigurationIsVisible = 0;
			defaultConfigurationName = Release;
		};
		F9F261D01FDD84AA00DF8A00 /* Build configuration list for PBXNativeTarget "ARKitDemoUITests" */ = {
			isa = XCConfigurationList;
			buildConfigurations = (
				F9F261D11FDD84AA00DF8A00 /* Debug */,
				F9F261D21FDD84AA00DF8A00 /* Release */,
			);
			defaultConfigurationIsVisible = 0;
			defaultConfigurationName = Release;
		};
/* End XCConfigurationList section */
	};
	rootObject = F9F2619A1FDD84A800DF8A00 /* Project object */;
}
